
Microsoft Visual Studio Solution File, Format Version 12.00
# Visual Studio Version 17
VisualStudioVersion = 17.5.002.0
MinimumVisualStudioVersion = 10.0.40219.1
Project("{9A19103F-16F7-4668-BE54-9A1E7A4F7556}") = "gb_block1", "gb_block1.csproj", "{E9B8BA66-0153-4BEF-8FD1-3C6B43A072E1}"
EndProject
Global
	GlobalSection(SolutionConfigurationPlatforms) = preSolution
		Debug|Any CPU = Debug|Any CPU
		Release|Any CPU = Release|Any CPU
	EndGlobalSection
	GlobalSection(ProjectConfigurationPlatforms) = postSolution
		{E9B8BA66-0153-4BEF-8FD1-3C6B43A072E1}.Debug|Any CPU.ActiveCfg = Debug|Any CPU
		{E9B8BA66-0153-4BEF-8FD1-3C6B43A072E1}.Debug|Any CPU.Build.0 = Debug|Any CPU
		{E9B8BA66-0153-4BEF-8FD1-3C6B43A072E1}.Release|Any CPU.ActiveCfg = Release|Any CPU
		{E9B8BA66-0153-4BEF-8FD1-3C6B43A072E1}.Release|Any CPU.Build.0 = Release|Any CPU
	EndGlobalSection
	GlobalSection(SolutionProperties) = preSolution
		HideSolutionNode = FALSE
	EndGlobalSection
	GlobalSection(ExtensibilityGlobals) = postSolution
		SolutionGuid = {6D2C41B9-8068-4E97-A112-42D97BF94592}
	EndGlobalSection
EndGlobal
